
Microsoft Visual Studio Solution File, Format Version 12.00
# Visual Studio 15
VisualStudioVersion = 15.0.27703.2026
MinimumVisualStudioVersion = 10.0.40219.1
Project("{FAE04EC0-301F-11D3-BF4B-00C04F79EFBC}") = "MediaOrganizer", "MediaOrganizer.csproj", "{510C3F4D-3CF4-4612-BA51-71951F9B2F1E}"
EndProject
Global
	GlobalSection(SolutionConfigurationPlatforms) = preSolution
		Debug|Any CPU = Debug|Any CPU
		Release|Any CPU = Release|Any CPU
	EndGlobalSection
	GlobalSection(ProjectConfigurationPlatforms) = postSolution
		{510C3F4D-3CF4-4612-BA51-71951F9B2F1E}.Debug|Any CPU.ActiveCfg = Debug|Any CPU
		{510C3F4D-3CF4-4612-BA51-71951F9B2F1E}.Debug|Any CPU.Build.0 = Debug|Any CPU
		{510C3F4D-3CF4-4612-BA51-71951F9B2F1E}.Release|Any CPU.ActiveCfg = Release|Any CPU
		{510C3F4D-3CF4-4612-BA51-71951F9B2F1E}.Release|Any CPU.Build.0 = Release|Any CPU
	EndGlobalSection
	GlobalSection(SolutionProperties) = preSolution
		HideSolutionNode = FALSE
	EndGlobalSection
	GlobalSection(ExtensibilityGlobals) = postSolution
		SolutionGuid = {4B666B25-DF1F-4AB7-8D60-2E9138C39FDE}
	EndGlobalSection
EndGlobal
